// !$*UTF8*$!
{
	archiveVersion = 1;
	classes = {
	};
	objectVersion = 48;
	objects = {

/* Begin PBXBuildFile section */
		C9AC199F8AAC02FE9207F768 /* Pods_MinimalTunerMetronome.framework in Frameworks */ = {isa = PBXBuildFile; fileRef = 54B1867E120407826DF2F3D4 /* Pods_MinimalTunerMetronome.framework */; };
		D96B7DAB2063F5A00041408C /* ToggleView.swift in Sources */ = {isa = PBXBuildFile; fileRef = D96B7DAA2063F5A00041408C /* ToggleView.swift */; };
		D98C4CF420654ED3005A5A10 /* SmallScreenView.swift in Sources */ = {isa = PBXBuildFile; fileRef = D98C4CF320654ED3005A5A10 /* SmallScreenView.swift */; };
		D98C4CF820654F53005A5A10 /* ViewController.swift in Sources */ = {isa = PBXBuildFile; fileRef = D98C4CF720654F53005A5A10 /* ViewController.swift */; };
		D98C4CFE206556A8005A5A10 /* DigitNoteImages.swift in Sources */ = {isa = PBXBuildFile; fileRef = D98C4CFD206556A8005A5A10 /* DigitNoteImages.swift */; };
		D98C4D00206653D1005A5A10 /* MetronomeAnimationView.swift in Sources */ = {isa = PBXBuildFile; fileRef = D98C4CFF206653D1005A5A10 /* MetronomeAnimationView.swift */; };
		D98C4D022066694B005A5A10 /* SoundPlayer.swift in Sources */ = {isa = PBXBuildFile; fileRef = D98C4D012066694B005A5A10 /* SoundPlayer.swift */; };
		D98C4D04206767E9005A5A10 /* CGAffineTransformExtension.swift in Sources */ = {isa = PBXBuildFile; fileRef = D98C4D03206767E9005A5A10 /* CGAffineTransformExtension.swift */; };
		D993A7702062A10400387AD9 /* AppDelegate.swift in Sources */ = {isa = PBXBuildFile; fileRef = D993A76F2062A10400387AD9 /* AppDelegate.swift */; };
		D993A7752062A10400387AD9 /* Main.storyboard in Resources */ = {isa = PBXBuildFile; fileRef = D993A7732062A10400387AD9 /* Main.storyboard */; };
		D993A7772062A10400387AD9 /* Assets.xcassets in Resources */ = {isa = PBXBuildFile; fileRef = D993A7762062A10400387AD9 /* Assets.xcassets */; };
		D993A77A2062A10400387AD9 /* LaunchScreen.storyboard in Resources */ = {isa = PBXBuildFile; fileRef = D993A7782062A10400387AD9 /* LaunchScreen.storyboard */; };
/* End PBXBuildFile section */

/* Begin PBXFileReference section */
		54B1867E120407826DF2F3D4 /* Pods_MinimalTunerMetronome.framework */ = {isa = PBXFileReference; explicitFileType = wrapper.framework; includeInIndex = 0; path = Pods_MinimalTunerMetronome.framework; sourceTree = BUILT_PRODUCTS_DIR; };
		9D2FBD8EE7FE49A3E9BD4A41 /* Pods-MinimalTunerMetronome.release.xcconfig */ = {isa = PBXFileReference; includeInIndex = 1; lastKnownFileType = text.xcconfig; name = "Pods-MinimalTunerMetronome.release.xcconfig"; path = "Pods/Target Support Files/Pods-MinimalTunerMetronome/Pods-MinimalTunerMetronome.release.xcconfig"; sourceTree = "<group>"; };
		D96B7DAA2063F5A00041408C /* ToggleView.swift */ = {isa = PBXFileReference; lastKnownFileType = sourcecode.swift; name = ToggleView.swift; path = MinimalTunerMetronome/ToggleView.swift; sourceTree = SOURCE_ROOT; };
		D98C4CF320654ED3005A5A10 /* SmallScreenView.swift */ = {isa = PBXFileReference; lastKnownFileType = sourcecode.swift; name = SmallScreenView.swift; path = MinimalTunerMetronome/SmallScreenView.swift; sourceTree = SOURCE_ROOT; };
		D98C4CF720654F53005A5A10 /* ViewController.swift */ = {isa = PBXFileReference; fileEncoding = 4; lastKnownFileType = sourcecode.swift; name = ViewController.swift; path = MinimalTunerMetronome/ViewController.swift; sourceTree = SOURCE_ROOT; };
		D98C4CFD206556A8005A5A10 /* DigitNoteImages.swift */ = {isa = PBXFileReference; lastKnownFileType = sourcecode.swift; path = DigitNoteImages.swift; sourceTree = "<group>"; };
		D98C4CFF206653D1005A5A10 /* MetronomeAnimationView.swift */ = {isa = PBXFileReference; lastKnownFileType = sourcecode.swift; name = MetronomeAnimationView.swift; path = MinimalTunerMetronome/MetronomeAnimationView.swift; sourceTree = SOURCE_ROOT; };
		D98C4D012066694B005A5A10 /* SoundPlayer.swift */ = {isa = PBXFileReference; lastKnownFileType = sourcecode.swift; path = SoundPlayer.swift; sourceTree = "<group>"; };
		D98C4D03206767E9005A5A10 /* CGAffineTransformExtension.swift */ = {isa = PBXFileReference; lastKnownFileType = sourcecode.swift; path = CGAffineTransformExtension.swift; sourceTree = "<group>"; };
		D993A76C2062A10400387AD9 /* MinimalTunerMetronome.app */ = {isa = PBXFileReference; explicitFileType = wrapper.application; includeInIndex = 0; path = MinimalTunerMetronome.app; sourceTree = BUILT_PRODUCTS_DIR; };
		D993A76F2062A10400387AD9 /* AppDelegate.swift */ = {isa = PBXFileReference; lastKnownFileType = sourcecode.swift; path = AppDelegate.swift; sourceTree = "<group>"; };
		D993A7742062A10400387AD9 /* Base */ = {isa = PBXFileReference; lastKnownFileType = file.storyboard; name = Base; path = Base.lproj/Main.storyboard; sourceTree = "<group>"; };
		D993A7762062A10400387AD9 /* Assets.xcassets */ = {isa = PBXFileReference; lastKnownFileType = folder.assetcatalog; path = Assets.xcassets; sourceTree = "<group>"; };
		D993A7792062A10400387AD9 /* Base */ = {isa = PBXFileReference; lastKnownFileType = file.storyboard; name = Base; path = Base.lproj/LaunchScreen.storyboard; sourceTree = "<group>"; };
		D993A77B2062A10400387AD9 /* Info.plist */ = {isa = PBXFileReference; lastKnownFileType = text.plist.xml; path = Info.plist; sourceTree = "<group>"; };
		E333BFCAF0E15E0C64C910B2 /* Pods-MinimalTunerMetronome.debug.xcconfig */ = {isa = PBXFileReference; includeInIndex = 1; lastKnownFileType = text.xcconfig; name = "Pods-MinimalTunerMetronome.debug.xcconfig"; path = "Pods/Target Support Files/Pods-MinimalTunerMetronome/Pods-MinimalTunerMetronome.debug.xcconfig"; sourceTree = "<group>"; };
/* End PBXFileReference section */

/* Begin PBXFrameworksBuildPhase section */
		D993A7692062A10400387AD9 /* Frameworks */ = {
			isa = PBXFrameworksBuildPhase;
			buildActionMask = 2147483647;
			files = (
				C9AC199F8AAC02FE9207F768 /* Pods_MinimalTunerMetronome.framework in Frameworks */,
			);
			runOnlyForDeploymentPostprocessing = 0;
		};
/* End PBXFrameworksBuildPhase section */

/* Begin PBXGroup section */
		C9043084756F8F569D8DA6FE /* Frameworks */ = {
			isa = PBXGroup;
			children = (
				54B1867E120407826DF2F3D4 /* Pods_MinimalTunerMetronome.framework */,
			);
			name = Frameworks;
			sourceTree = "<group>";
		};
		C9C09DEF265423014D65974A /* Pods */ = {
			isa = PBXGroup;
			children = (
				E333BFCAF0E15E0C64C910B2 /* Pods-MinimalTunerMetronome.debug.xcconfig */,
				9D2FBD8EE7FE49A3E9BD4A41 /* Pods-MinimalTunerMetronome.release.xcconfig */,
			);
			name = Pods;
			sourceTree = "<group>";
		};
		D993A7632062A10300387AD9 = {
			isa = PBXGroup;
			children = (
				D993A76E2062A10400387AD9 /* MinimalTunerMetronome */,
				D993A76D2062A10400387AD9 /* Products */,
				C9C09DEF265423014D65974A /* Pods */,
				C9043084756F8F569D8DA6FE /* Frameworks */,
			);
			sourceTree = "<group>";
		};
		D993A76D2062A10400387AD9 /* Products */ = {
			isa = PBXGroup;
			children = (
				D993A76C2062A10400387AD9 /* MinimalTunerMetronome.app */,
			);
			name = Products;
			sourceTree = "<group>";
		};
		D993A76E2062A10400387AD9 /* MinimalTunerMetronome */ = {
			isa = PBXGroup;
			children = (
				D96B7DAA2063F5A00041408C /* ToggleView.swift */,
				D98C4CF720654F53005A5A10 /* ViewController.swift */,
				D98C4CF320654ED3005A5A10 /* SmallScreenView.swift */,
				D98C4CFF206653D1005A5A10 /* MetronomeAnimationView.swift */,
				D993A76F2062A10400387AD9 /* AppDelegate.swift */,
				D993A7732062A10400387AD9 /* Main.storyboard */,
				D993A7762062A10400387AD9 /* Assets.xcassets */,
				D993A7782062A10400387AD9 /* LaunchScreen.storyboard */,
				D993A77B2062A10400387AD9 /* Info.plist */,
				D98C4CFD206556A8005A5A10 /* DigitNoteImages.swift */,
				D98C4D012066694B005A5A10 /* SoundPlayer.swift */,
				D98C4D03206767E9005A5A10 /* CGAffineTransformExtension.swift */,
			);
			path = MinimalTunerMetronome;
			sourceTree = "<group>";
		};
/* End PBXGroup section */

/* Begin PBXNativeTarget section */
		D993A76B2062A10400387AD9 /* MinimalTunerMetronome */ = {
			isa = PBXNativeTarget;
			buildConfigurationList = D993A77E2062A10400387AD9 /* Build configuration list for PBXNativeTarget "MinimalTunerMetronome" */;
			buildPhases = (
				6A865EFB5F51BDDD832114A2 /* [CP] Check Pods Manifest.lock */,
				D993A7682062A10400387AD9 /* Sources */,
				D993A7692062A10400387AD9 /* Frameworks */,
				D993A76A2062A10400387AD9 /* Resources */,
				01B085DB13AAB59D4721BAF3 /* [CP] Embed Pods Frameworks */,
				944C785C9345CA00F1EE533E /* [CP] Copy Pods Resources */,
			);
			buildRules = (
			);
			dependencies = (
			);
			name = MinimalTunerMetronome;
			productName = MinimalTunerMetronome;
			productReference = D993A76C2062A10400387AD9 /* MinimalTunerMetronome.app */;
			productType = "com.apple.product-type.application";
		};
/* End PBXNativeTarget section */

/* Begin PBXProject section */
		D993A7642062A10300387AD9 /* Project object */ = {
			isa = PBXProject;
			attributes = {
				LastSwiftUpdateCheck = 0920;
				LastUpgradeCheck = 0920;
				ORGANIZATIONNAME = ShinerightStudio;
				TargetAttributes = {
					D993A76B2062A10400387AD9 = {
						CreatedOnToolsVersion = 9.2;
						ProvisioningStyle = Automatic;
					};
				};
			};
			buildConfigurationList = D993A7672062A10400387AD9 /* Build configuration list for PBXProject "MinimalTunerMetronome" */;
			compatibilityVersion = "Xcode 8.0";
			developmentRegion = en;
			hasScannedForEncodings = 0;
			knownRegions = (
				en,
				Base,
			);
			mainGroup = D993A7632062A10300387AD9;
			productRefGroup = D993A76D2062A10400387AD9 /* Products */;
			projectDirPath = "";
			projectRoot = "";
			targets = (
				D993A76B2062A10400387AD9 /* MinimalTunerMetronome */,
			);
		};
/* End PBXProject section */

/* Begin PBXResourcesBuildPhase section */
		D993A76A2062A10400387AD9 /* Resources */ = {
			isa = PBXResourcesBuildPhase;
			buildActionMask = 2147483647;
			files = (
				D993A77A2062A10400387AD9 /* LaunchScreen.storyboard in Resources */,
				D993A7772062A10400387AD9 /* Assets.xcassets in Resources */,
				D993A7752062A10400387AD9 /* Main.storyboard in Resources */,
			);
			runOnlyForDeploymentPostprocessing = 0;
		};
/* End PBXResourcesBuildPhase section */

/* Begin PBXShellScriptBuildPhase section */
		01B085DB13AAB59D4721BAF3 /* [CP] Embed Pods Frameworks */ = {
			isa = PBXShellScriptBuildPhase;
			buildActionMask = 2147483647;
			files = (
			);
			inputPaths = (
			);
			name = "[CP] Embed Pods Frameworks";
			outputPaths = (
			);
			runOnlyForDeploymentPostprocessing = 0;
			shellPath = /bin/sh;
			shellScript = "\"${SRCROOT}/Pods/Target Support Files/Pods-MinimalTunerMetronome/Pods-MinimalTunerMetronome-frameworks.sh\"\n";
			showEnvVarsInLog = 0;
		};
		6A865EFB5F51BDDD832114A2 /* [CP] Check Pods Manifest.lock */ = {
			isa = PBXShellScriptBuildPhase;
			buildActionMask = 2147483647;
			files = (
			);
			inputPaths = (
				"${PODS_PODFILE_DIR_PATH}/Podfile.lock",
				"${PODS_ROOT}/Manifest.lock",
			);
			name = "[CP] Check Pods Manifest.lock";
			outputPaths = (
				"$(DERIVED_FILE_DIR)/Pods-MinimalTunerMetronome-checkManifestLockResult.txt",
			);
			runOnlyForDeploymentPostprocessing = 0;
			shellPath = /bin/sh;
			shellScript = "diff \"${PODS_PODFILE_DIR_PATH}/Podfile.lock\" \"${PODS_ROOT}/Manifest.lock\" > /dev/null\nif [ $? != 0 ] ; then\n    # print error to STDERR\n    echo \"error: The sandbox is not in sync with the Podfile.lock. Run 'pod install' or update your CocoaPods installation.\" >&2\n    exit 1\nfi\n# This output is used by Xcode 'outputs' to avoid re-running this script phase.\necho \"SUCCESS\" > \"${SCRIPT_OUTPUT_FILE_0}\"\n";
			showEnvVarsInLog = 0;
		};
		944C785C9345CA00F1EE533E /* [CP] Copy Pods Resources */ = {
			isa = PBXShellScriptBuildPhase;
			buildActionMask = 2147483647;
			files = (
			);
			inputPaths = (
			);
			name = "[CP] Copy Pods Resources";
			outputPaths = (
			);
			runOnlyForDeploymentPostprocessing = 0;
			shellPath = /bin/sh;
			shellScript = "\"${SRCROOT}/Pods/Target Support Files/Pods-MinimalTunerMetronome/Pods-MinimalTunerMetronome-resources.sh\"\n";
			showEnvVarsInLog = 0;
		};
/* End PBXShellScriptBuildPhase section */

/* Begin PBXSourcesBuildPhase section */
		D993A7682062A10400387AD9 /* Sources */ = {
			isa = PBXSourcesBuildPhase;
			buildActionMask = 2147483647;
			files = (
				D98C4D00206653D1005A5A10 /* MetronomeAnimationView.swift in Sources */,
				D98C4D022066694B005A5A10 /* SoundPlayer.swift in Sources */,
				D96B7DAB2063F5A00041408C /* ToggleView.swift in Sources */,
				D98C4CFE206556A8005A5A10 /* DigitNoteImages.swift in Sources */,
				D98C4CF420654ED3005A5A10 /* SmallScreenView.swift in Sources */,
				D98C4CF820654F53005A5A10 /* ViewController.swift in Sources */,
				D98C4D04206767E9005A5A10 /* CGAffineTransformExtension.swift in Sources */,
				D993A7702062A10400387AD9 /* AppDelegate.swift in Sources */,
			);
			runOnlyForDeploymentPostprocessing = 0;
		};
/* End PBXSourcesBuildPhase section */

/* Begin PBXVariantGroup section */
		D993A7732062A10400387AD9 /* Main.storyboard */ = {
			isa = PBXVariantGroup;
			children = (
				D993A7742062A10400387AD9 /* Base */,
			);
			name = Main.storyboard;
			sourceTree = "<group>";
		};
		D993A7782062A10400387AD9 /* LaunchScreen.storyboard */ = {
			isa = PBXVariantGroup;
			children = (
				D993A7792062A10400387AD9 /* Base */,
			);
			name = LaunchScreen.storyboard;
			sourceTree = "<group>";
		};
/* End PBXVariantGroup section */

/* Begin XCBuildConfiguration section */
		D993A77C2062A10400387AD9 /* Debug */ = {
			isa = XCBuildConfiguration;
			buildSettings = {
				ALWAYS_SEARCH_USER_PATHS = NO;
				CLANG_ANALYZER_NONNULL = YES;
				CLANG_ANALYZER_NUMBER_OBJECT_CONVERSION = YES_AGGRESSIVE;
				CLANG_CXX_LANGUAGE_STANDARD = "gnu++14";
				CLANG_CXX_LIBRARY = "libc++";
				CLANG_ENABLE_MODULES = YES;
				CLANG_ENABLE_OBJC_ARC = YES;
				CLANG_WARN_BLOCK_CAPTURE_AUTORELEASING = YES;
				CLANG_WARN_BOOL_CONVERSION = YES;
				CLANG_WARN_COMMA = YES;
				CLANG_WARN_CONSTANT_CONVERSION = YES;
				CLANG_WARN_DIRECT_OBJC_ISA_USAGE = YES_ERROR;
				CLANG_WARN_DOCUMENTATION_COMMENTS = YES;
				CLANG_WARN_EMPTY_BODY = YES;
				CLANG_WARN_ENUM_CONVERSION = YES;
				CLANG_WARN_INFINITE_RECURSION = YES;
				CLANG_WARN_INT_CONVERSION = YES;
				CLANG_WARN_NON_LITERAL_NULL_CONVERSION = YES;
				CLANG_WARN_OBJC_LITERAL_CONVERSION = YES;
				CLANG_WARN_OBJC_ROOT_CLASS = YES_ERROR;
				CLANG_WARN_RANGE_LOOP_ANALYSIS = YES;
				CLANG_WARN_STRICT_PROTOTYPES = YES;
				CLANG_WARN_SUSPICIOUS_MOVE = YES;
				CLANG_WARN_UNGUARDED_AVAILABILITY = YES_AGGRESSIVE;
				CLANG_WARN_UNREACHABLE_CODE = YES;
				CLANG_WARN__DUPLICATE_METHOD_MATCH = YES;
				CODE_SIGN_IDENTITY = "iPhone Developer";
				COPY_PHASE_STRIP = NO;
				DEBUG_INFORMATION_FORMAT = dwarf;
				ENABLE_STRICT_OBJC_MSGSEND = YES;
				ENABLE_TESTABILITY = YES;
				GCC_C_LANGUAGE_STANDARD = gnu11;
				GCC_DYNAMIC_NO_PIC = NO;
				GCC_NO_COMMON_BLOCKS = YES;
				GCC_OPTIMIZATION_LEVEL = 0;
				GCC_PREPROCESSOR_DEFINITIONS = (
					"DEBUG=1",
					"$(inherited)",
				);
				GCC_WARN_64_TO_32_BIT_CONVERSION = YES;
				GCC_WARN_ABOUT_RETURN_TYPE = YES_ERROR;
				GCC_WARN_UNDECLARED_SELECTOR = YES;
				GCC_WARN_UNINITIALIZED_AUTOS = YES_AGGRESSIVE;
				GCC_WARN_UNUSED_FUNCTION = YES;
				GCC_WARN_UNUSED_VARIABLE = YES;
				IPHONEOS_DEPLOYMENT_TARGET = 11.2;
				MTL_ENABLE_DEBUG_INFO = YES;
				ONLY_ACTIVE_ARCH = YES;
				SDKROOT = iphoneos;
				SWIFT_ACTIVE_COMPILATION_CONDITIONS = DEBUG;
				SWIFT_OPTIMIZATION_LEVEL = "-Onone";
			};
			name = Debug;
		};
		D993A77D2062A10400387AD9 /* Release */ = {
			isa = XCBuildConfiguration;
			buildSettings = {
				ALWAYS_SEARCH_USER_PATHS = NO;
				CLANG_ANALYZER_NONNULL = YES;
				CLANG_ANALYZER_NUMBER_OBJECT_CONVERSION = YES_AGGRESSIVE;
				CLANG_CXX_LANGUAGE_STANDARD = "gnu++14";
				CLANG_CXX_LIBRARY = "libc++";
				CLANG_ENABLE_MODULES = YES;
				CLANG_ENABLE_OBJC_ARC = YES;
				CLANG_WARN_BLOCK_CAPTURE_AUTORELEASING = YES;
				CLANG_WARN_BOOL_CONVERSION = YES;
				CLANG_WARN_COMMA = YES;
				CLANG_WARN_CONSTANT_CONVERSION = YES;
				CLANG_WARN_DIRECT_OBJC_ISA_USAGE = YES_ERROR;
				CLANG_WARN_DOCUMENTATION_COMMENTS = YES;
				CLANG_WARN_EMPTY_BODY = YES;
				CLANG_WARN_ENUM_CONVERSION = YES;
				CLANG_WARN_INFINITE_RECURSION = YES;
				CLANG_WARN_INT_CONVERSION = YES;
				CLANG_WARN_NON_LITERAL_NULL_CONVERSION = YES;
				CLANG_WARN_OBJC_LITERAL_CONVERSION = YES;
				CLANG_WARN_OBJC_ROOT_CLASS = YES_ERROR;
				CLANG_WARN_RANGE_LOOP_ANALYSIS = YES;
				CLANG_WARN_STRICT_PROTOTYPES = YES;
				CLANG_WARN_SUSPICIOUS_MOVE = YES;
				CLANG_WARN_UNGUARDED_AVAILABILITY = YES_AGGRESSIVE;
				CLANG_WARN_UNREACHABLE_CODE = YES;
				CLANG_WARN__DUPLICATE_METHOD_MATCH = YES;
				CODE_SIGN_IDENTITY = "iPhone Developer";
				COPY_PHASE_STRIP = NO;
				DEBUG_INFORMATION_FORMAT = "dwarf-with-dsym";
				ENABLE_NS_ASSERTIONS = NO;
				ENABLE_STRICT_OBJC_MSGSEND = YES;
				GCC_C_LANGUAGE_STANDARD = gnu11;
				GCC_NO_COMMON_BLOCKS = YES;
				GCC_WARN_64_TO_32_BIT_CONVERSION = YES;
				GCC_WARN_ABOUT_RETURN_TYPE = YES_ERROR;
				GCC_WARN_UNDECLARED_SELECTOR = YES;
				GCC_WARN_UNINITIALIZED_AUTOS = YES_AGGRESSIVE;
				GCC_WARN_UNUSED_FUNCTION = YES;
				GCC_WARN_UNUSED_VARIABLE = YES;
				IPHONEOS_DEPLOYMENT_TARGET = 11.2;
				MTL_ENABLE_DEBUG_INFO = NO;
				SDKROOT = iphoneos;
				SWIFT_OPTIMIZATION_LEVEL = "-Owholemodule";
				VALIDATE_PRODUCT = YES;
			};
			name = Release;
		};
		D993A77F2062A10400387AD9 /* Debug */ = {
			isa = XCBuildConfiguration;
			baseConfigurationReference = E333BFCAF0E15E0C64C910B2 /* Pods-MinimalTunerMetronome.debug.xcconfig */;
			buildSettings = {
				ASSETCATALOG_COMPILER_APPICON_NAME = AppIcon;
				CODE_SIGN_STYLE = Automatic;
				DEVELOPMENT_TEAM = YUWPSE2UN9;
				INFOPLIST_FILE = MinimalTunerMetronome/Info.plist;
				IPHONEOS_DEPLOYMENT_TARGET = 11.2;
				LD_RUNPATH_SEARCH_PATHS = "$(inherited) @executable_path/Frameworks";
				PRODUCT_BUNDLE_IDENTIFIER = shinerightstudio.MinimalTunerMetronome;
				PRODUCT_NAME = "$(TARGET_NAME)";
				SWIFT_VERSION = 4.0;
				TARGETED_DEVICE_FAMILY = "1,2";
			};
			name = Debug;
		};
		D993A7802062A10400387AD9 /* Release */ = {
			isa = XCBuildConfiguration;
			baseConfigurationReference = 9D2FBD8EE7FE49A3E9BD4A41 /* Pods-MinimalTunerMetronome.release.xcconfig */;
			buildSettings = {
				ASSETCATALOG_COMPILER_APPICON_NAME = AppIcon;
				CODE_SIGN_STYLE = Automatic;
				DEVELOPMENT_TEAM = YUWPSE2UN9;
				INFOPLIST_FILE = MinimalTunerMetronome/Info.plist;
				IPHONEOS_DEPLOYMENT_TARGET = 11.2;
				LD_RUNPATH_SEARCH_PATHS = "$(inherited) @executable_path/Frameworks";
				PRODUCT_BUNDLE_IDENTIFIER = shinerightstudio.MinimalTunerMetronome;
				PRODUCT_NAME = "$(TARGET_NAME)";
				SWIFT_VERSION = 4.0;
				TARGETED_DEVICE_FAMILY = "1,2";
			};
			name = Release;
		};
/* End XCBuildConfiguration section */

/* Begin XCConfigurationList section */
		D993A7672062A10400387AD9 /* Build configuration list for PBXProject "MinimalTunerMetronome" */ = {
			isa = XCConfigurationList;
			buildConfigurations = (
				D993A77C2062A10400387AD9 /* Debug */,
				D993A77D2062A10400387AD9 /* Release */,
			);
			defaultConfigurationIsVisible = 0;
			defaultConfigurationName = Release;
		};
		D993A77E2062A10400387AD9 /* Build configuration list for PBXNativeTarget "MinimalTunerMetronome" */ = {
			isa = XCConfigurationList;
			buildConfigurations = (
				D993A77F2062A10400387AD9 /* Debug */,
				D993A7802062A10400387AD9 /* Release */,
			);
			defaultConfigurationIsVisible = 0;
			defaultConfigurationName = Release;
		};
/* End XCConfigurationList section */
	};
	rootObject = D993A7642062A10300387AD9 /* Project object */;
}
